
Microsoft Visual Studio Solution File, Format Version 12.00
# Visual Studio Version 17
VisualStudioVersion = 17.2.32630.192
MinimumVisualStudioVersion = 10.0.40219.1
Project("{FAE04EC0-301F-11D3-BF4B-00C04F79EFBC}") = "Oche.Kata.Tests", "Oche.Kata.Tests\Oche.Kata.Tests.csproj", "{74952B63-2919-479A-BDA9-54A172004B3F}"
EndProject
Project("{FAE04EC0-301F-11D3-BF4B-00C04F79EFBC}") = "Oche.Kata", "Oche.Kata\Oche.Kata.csproj", "{A7647777-4063-474A-8E13-D85CD806E6DA}"
EndProject
Global
	GlobalSection(SolutionConfigurationPlatforms) = preSolution
		Debug|Any CPU = Debug|Any CPU
		Release|Any CPU = Release|Any CPU
	EndGlobalSection
	GlobalSection(ProjectConfigurationPlatforms) = postSolution
		{74952B63-2919-479A-BDA9-54A172004B3F}.Debug|Any CPU.ActiveCfg = Debug|Any CPU
		{74952B63-2919-479A-BDA9-54A172004B3F}.Debug|Any CPU.Build.0 = Debug|Any CPU
		{74952B63-2919-479A-BDA9-54A172004B3F}.Release|Any CPU.ActiveCfg = Release|Any CPU
		{74952B63-2919-479A-BDA9-54A172004B3F}.Release|Any CPU.Build.0 = Release|Any CPU
		{A7647777-4063-474A-8E13-D85CD806E6DA}.Debug|Any CPU.ActiveCfg = Debug|Any CPU
		{A7647777-4063-474A-8E13-D85CD806E6DA}.Debug|Any CPU.Build.0 = Debug|Any CPU
		{A7647777-4063-474A-8E13-D85CD806E6DA}.Release|Any CPU.ActiveCfg = Release|Any CPU
		{A7647777-4063-474A-8E13-D85CD806E6DA}.Release|Any CPU.Build.0 = Release|Any CPU
	EndGlobalSection
	GlobalSection(SolutionProperties) = preSolution
		HideSolutionNode = FALSE
	EndGlobalSection
	GlobalSection(ExtensibilityGlobals) = postSolution
		SolutionGuid = {87D42DAD-FA57-4F88-8F50-A0D1879BC471}
	EndGlobalSection
EndGlobal
